<Solution>
  <Project Path="Common\Common.csproj" Type="Classic C#" />
  <Project Path="Core\Core.csproj" Type="Classic C#" />
  <Project Path="CustomExceptions/CustomExceptions.csproj" />
  <Project Path="FileManagement/FileManagement.csproj" />
  <Project Path="Proiect/Proiect.csproj" />
</Solution>